
Microsoft Visual Studio Solution File, Format Version 12.00
# Visual Studio Version 17
VisualStudioVersion = 17.5.002.0
MinimumVisualStudioVersion = 10.0.40219.1
Project("{9A19103F-16F7-4668-BE54-9A1E7A4F7556}") = "NATSInternal.Blazor", "NATSInternal.Blazor.csproj", "{FD17294E-54A4-4079-BC19-8A806793936A}"
EndProject
Project("{9A19103F-16F7-4668-BE54-9A1E7A4F7556}") = "NATSInternal.Services", "..\NATSInternal.Services\NATSInternal.Services.csproj", "{CC75AEED-ED17-4D41-A42A-F0B84C4142B7}"
EndProject
Project("{9A19103F-16F7-4668-BE54-9A1E7A4F7556}") = "NATSInternal.Validation", "..\NATSInternal.Validation\NATSInternal.Validation.csproj", "{F743815C-737A-41D3-B450-1BCE6A8CC238}"
EndProject
Global
	GlobalSection(SolutionConfigurationPlatforms) = preSolution
		Debug|Any CPU = Debug|Any CPU
		Release|Any CPU = Release|Any CPU
	EndGlobalSection
	GlobalSection(ProjectConfigurationPlatforms) = postSolution
		{FD17294E-54A4-4079-BC19-8A806793936A}.Debug|Any CPU.ActiveCfg = Debug|Any CPU
		{FD17294E-54A4-4079-BC19-8A806793936A}.Debug|Any CPU.Build.0 = Debug|Any CPU
		{FD17294E-54A4-4079-BC19-8A806793936A}.Release|Any CPU.ActiveCfg = Release|Any CPU
		{FD17294E-54A4-4079-BC19-8A806793936A}.Release|Any CPU.Build.0 = Release|Any CPU
		{CC75AEED-ED17-4D41-A42A-F0B84C4142B7}.Debug|Any CPU.ActiveCfg = Debug|Any CPU
		{CC75AEED-ED17-4D41-A42A-F0B84C4142B7}.Debug|Any CPU.Build.0 = Debug|Any CPU
		{CC75AEED-ED17-4D41-A42A-F0B84C4142B7}.Release|Any CPU.ActiveCfg = Release|Any CPU
		{CC75AEED-ED17-4D41-A42A-F0B84C4142B7}.Release|Any CPU.Build.0 = Release|Any CPU
		{F743815C-737A-41D3-B450-1BCE6A8CC238}.Debug|Any CPU.ActiveCfg = Debug|Any CPU
		{F743815C-737A-41D3-B450-1BCE6A8CC238}.Debug|Any CPU.Build.0 = Debug|Any CPU
		{F743815C-737A-41D3-B450-1BCE6A8CC238}.Release|Any CPU.ActiveCfg = Release|Any CPU
		{F743815C-737A-41D3-B450-1BCE6A8CC238}.Release|Any CPU.Build.0 = Release|Any CPU
	EndGlobalSection
	GlobalSection(SolutionProperties) = preSolution
		HideSolutionNode = FALSE
	EndGlobalSection
	GlobalSection(ExtensibilityGlobals) = postSolution
		SolutionGuid = {2F4E26D3-7F35-4368-9D64-6875BE6007DE}
	EndGlobalSection
EndGlobal
