
Microsoft Visual Studio Solution File, Format Version 12.00
# Visual Studio Version 17
VisualStudioVersion = 17.0.31903.59
MinimumVisualStudioVersion = 10.0.40219.1
Project("{9A19103F-16F7-4668-BE54-9A1E7A4F7556}") = "NATSInternal.Services", "NATSInternal.Services\NATSInternal.Services.csproj", "{8F66EE8E-0420-4127-BAD1-C94E785E27DB}"
EndProject
Project("{9A19103F-16F7-4668-BE54-9A1E7A4F7556}") = "NATSInternal.Validation", "NATSInternal.Validation\NATSInternal.Validation.csproj", "{A8566B46-AC7D-494D-922E-0E6D476C98CC}"
EndProject
Project("{FAE04EC0-301F-11D3-BF4B-00C04F79EFBC}") = "NATSInternal.Blazor", "NATSInternal.Blazor\NATSInternal.Blazor.csproj", "{A1B7872C-63F2-41C2-AC5D-4D79AACEEA45}"
EndProject
Project("{FAE04EC0-301F-11D3-BF4B-00C04F79EFBC}") = "NATSInternal.API", "NATSInternal.API\NATSInternal.API.csproj", "{1FF86FBA-A18C-4A7D-8917-E7135359BCD7}"
EndProject
Global
	GlobalSection(SolutionConfigurationPlatforms) = preSolution
		Debug|Any CPU = Debug|Any CPU
		Release|Any CPU = Release|Any CPU
	EndGlobalSection
	GlobalSection(ProjectConfigurationPlatforms) = postSolution
		{8F66EE8E-0420-4127-BAD1-C94E785E27DB}.Debug|Any CPU.ActiveCfg = Debug|Any CPU
		{8F66EE8E-0420-4127-BAD1-C94E785E27DB}.Debug|Any CPU.Build.0 = Debug|Any CPU
		{8F66EE8E-0420-4127-BAD1-C94E785E27DB}.Release|Any CPU.ActiveCfg = Release|Any CPU
		{8F66EE8E-0420-4127-BAD1-C94E785E27DB}.Release|Any CPU.Build.0 = Release|Any CPU
		{A8566B46-AC7D-494D-922E-0E6D476C98CC}.Debug|Any CPU.ActiveCfg = Debug|Any CPU
		{A8566B46-AC7D-494D-922E-0E6D476C98CC}.Debug|Any CPU.Build.0 = Debug|Any CPU
		{A8566B46-AC7D-494D-922E-0E6D476C98CC}.Release|Any CPU.ActiveCfg = Release|Any CPU
		{A8566B46-AC7D-494D-922E-0E6D476C98CC}.Release|Any CPU.Build.0 = Release|Any CPU
		{A1B7872C-63F2-41C2-AC5D-4D79AACEEA45}.Debug|Any CPU.ActiveCfg = Debug|Any CPU
		{A1B7872C-63F2-41C2-AC5D-4D79AACEEA45}.Debug|Any CPU.Build.0 = Debug|Any CPU
		{A1B7872C-63F2-41C2-AC5D-4D79AACEEA45}.Release|Any CPU.ActiveCfg = Release|Any CPU
		{A1B7872C-63F2-41C2-AC5D-4D79AACEEA45}.Release|Any CPU.Build.0 = Release|Any CPU
		{1FF86FBA-A18C-4A7D-8917-E7135359BCD7}.Debug|Any CPU.ActiveCfg = Debug|Any CPU
		{1FF86FBA-A18C-4A7D-8917-E7135359BCD7}.Debug|Any CPU.Build.0 = Debug|Any CPU
		{1FF86FBA-A18C-4A7D-8917-E7135359BCD7}.Release|Any CPU.ActiveCfg = Release|Any CPU
		{1FF86FBA-A18C-4A7D-8917-E7135359BCD7}.Release|Any CPU.Build.0 = Release|Any CPU
	EndGlobalSection
	GlobalSection(SolutionProperties) = preSolution
		HideSolutionNode = FALSE
	EndGlobalSection
EndGlobal
